<?xml version="1.0" encoding="utf-8"?>
<Project ToolsVersion="4.0" xmlns="http://schemas.microsoft.com/developer/msbuild/2003">
  <ItemGroup>
    <Filter Include="Source Files">
      <UniqueIdentifier>{180a4fda-8d29-40c3-b510-0cac8831be7c}</UniqueIdentifier>
      <Extensions>cpp;c;cxx;def;asm;mc</Extensions>
    </Filter>
    <Filter Include="Header Files">
      <UniqueIdentifier>{ee4ef761-735e-414b-a116-2430180bc36d}</UniqueIdentifier>
      <Extensions>h;hpp;hxx</Extensions>
    </Filter>
    <Filter Include="Resource Files">
      <UniqueIdentifier>{ad7fdc42-ed2a-4ac8-a5d1-d4fcf9c1c869}</UniqueIdentifier>
      <Extensions>rc;mc;ico;cur;bmp;dlg;rc2</Extensions>
    </Filter>
    <Filter Include="Special Files">
      <UniqueIdentifier>{c702abf3-4c97-493d-8b01-1ddefb15b7e2}</UniqueIdentifier>
      <Extensions>*</Extensions>
    </Filter>
    <Filter Include="DynamicDriverName">
      <UniqueIdentifier>{d82a281b-1749-4ebc-88da-b66f357dc358}</UniqueIdentifier>
    </Filter>
  </ItemGroup>
  <ItemGroup>
    <ClCompile Include="StealthDriver.cpp">
      <Filter>Source Files</Filter>
    </ClCompile>
    <ClCompile Include="StealthImplementation.cpp">
      <Filter>Source Files</Filter>
    </ClCompile>
    <ClCompile Include="..\..\DynamicDriverName\DynamicDriverName.cpp">
      <Filter>DynamicDriverName</Filter>
    </ClCompile>
  </ItemGroup>
  <ItemGroup>
    <ClInclude Include="drvcommon.h">
      <Filter>Header Files</Filter>
    </ClInclude>
    <ClInclude Include="drvversion.h">
      <Filter>Header Files</Filter>
    </ClInclude>
    <ClInclude Include="resource.h">
      <Filter>Header Files</Filter>
    </ClInclude>
    <ClInclude Include="StealthDriver.h">
      <Filter>Header Files</Filter>
    </ClInclude>
    <ClInclude Include="StealthImplementation.h">
      <Filter>Header Files</Filter>
    </ClInclude>
    <ClInclude Include="..\..\DynamicDriverName\DynamicDriverName.h">
      <Filter>DynamicDriverName</Filter>
    </ClInclude>
  </ItemGroup>
  <ItemGroup>
    <ResourceCompile Include="drvversion.rc">
      <Filter>Resource Files</Filter>
    </ResourceCompile>
  </ItemGroup>
  <ItemGroup>
    <None Include="makefile">
      <Filter>Special Files</Filter>
    </None>
    <None Include="sources">
      <Filter>Special Files</Filter>
    </None>
  </ItemGroup>
</Project>